
Microsoft Visual Studio Solution File, Format Version 12.00
# Visual Studio 15
VisualStudioVersion = 15.0.26730.10
MinimumVisualStudioVersion = 10.0.40219.1
Project("{2150E333-8FDC-42A3-9474-1A3956D46DE8}") = "Core", "Core", "{A6ABBB8D-82C9-4EAD-849F-60F0281356AF}"
EndProject
Project("{2150E333-8FDC-42A3-9474-1A3956D46DE8}") = "Shared", "Shared", "{75F3DB8E-1430-43EF-B67A-C3D0C2F52FE3}"
EndProject
Project("{2150E333-8FDC-42A3-9474-1A3956D46DE8}") = "Store", "Store", "{D85D2D61-442C-475A-A5C9-6F5D4ED3CBB5}"
EndProject
Project("{2150E333-8FDC-42A3-9474-1A3956D46DE8}") = "Windows (WPF)", "Windows (WPF)", "{7922BFB4-54C7-49B2-A215-034405F432E6}"
EndProject
Project("{2150E333-8FDC-42A3-9474-1A3956D46DE8}") = "Universal (UWP)", "Universal (UWP)", "{BE3905A0-0AF7-4D51-9DA5-4BBB1A2EA316}"
EndProject
Project("{FAE04EC0-301F-11D3-BF4B-00C04F79EFBC}") = "FirstMate", "Source\Shared\FirstMate\FirstMate.csproj", "{3DB5790E-54A0-4670-A300-8F73FCEB5516}"
EndProject
Project("{FAE04EC0-301F-11D3-BF4B-00C04F79EFBC}") = "Terminal", "Source\Shared\Terminal\Terminal.csproj", "{4C549C8A-F41A-429B-B546-CBBA2DE6DFAF}"
EndProject
Project("{FAE04EC0-301F-11D3-BF4B-00C04F79EFBC}") = "Proxy", "Source\Core\Proxy\Proxy.csproj", "{B15B5D95-32F7-4E25-B96E-6C36F8C252BB}"
EndProject
Project("{FAE04EC0-301F-11D3-BF4B-00C04F79EFBC}") = "Server", "Source\Core\Server\Server.csproj", "{A21A3C37-ECA4-42EB-8C88-9BBBC169D257}"
EndProject
Global
	GlobalSection(SolutionConfigurationPlatforms) = preSolution
		Debug|Any CPU = Debug|Any CPU
		Debug|ARM = Debug|ARM
		Debug|x64 = Debug|x64
		Debug|x86 = Debug|x86
		Release|Any CPU = Release|Any CPU
		Release|ARM = Release|ARM
		Release|x64 = Release|x64
		Release|x86 = Release|x86
	EndGlobalSection
	GlobalSection(ProjectConfigurationPlatforms) = postSolution
		{3DB5790E-54A0-4670-A300-8F73FCEB5516}.Debug|Any CPU.ActiveCfg = Debug|Any CPU
		{3DB5790E-54A0-4670-A300-8F73FCEB5516}.Debug|Any CPU.Build.0 = Debug|Any CPU
		{3DB5790E-54A0-4670-A300-8F73FCEB5516}.Debug|ARM.ActiveCfg = Debug|Any CPU
		{3DB5790E-54A0-4670-A300-8F73FCEB5516}.Debug|ARM.Build.0 = Debug|Any CPU
		{3DB5790E-54A0-4670-A300-8F73FCEB5516}.Debug|x64.ActiveCfg = Debug|Any CPU
		{3DB5790E-54A0-4670-A300-8F73FCEB5516}.Debug|x64.Build.0 = Debug|Any CPU
		{3DB5790E-54A0-4670-A300-8F73FCEB5516}.Debug|x86.ActiveCfg = Debug|Any CPU
		{3DB5790E-54A0-4670-A300-8F73FCEB5516}.Debug|x86.Build.0 = Debug|Any CPU
		{3DB5790E-54A0-4670-A300-8F73FCEB5516}.Release|Any CPU.ActiveCfg = Release|Any CPU
		{3DB5790E-54A0-4670-A300-8F73FCEB5516}.Release|Any CPU.Build.0 = Release|Any CPU
		{3DB5790E-54A0-4670-A300-8F73FCEB5516}.Release|ARM.ActiveCfg = Release|Any CPU
		{3DB5790E-54A0-4670-A300-8F73FCEB5516}.Release|ARM.Build.0 = Release|Any CPU
		{3DB5790E-54A0-4670-A300-8F73FCEB5516}.Release|x64.ActiveCfg = Release|Any CPU
		{3DB5790E-54A0-4670-A300-8F73FCEB5516}.Release|x64.Build.0 = Release|Any CPU
		{3DB5790E-54A0-4670-A300-8F73FCEB5516}.Release|x86.ActiveCfg = Release|Any CPU
		{3DB5790E-54A0-4670-A300-8F73FCEB5516}.Release|x86.Build.0 = Release|Any CPU
		{4C549C8A-F41A-429B-B546-CBBA2DE6DFAF}.Debug|Any CPU.ActiveCfg = Debug|Any CPU
		{4C549C8A-F41A-429B-B546-CBBA2DE6DFAF}.Debug|Any CPU.Build.0 = Debug|Any CPU
		{4C549C8A-F41A-429B-B546-CBBA2DE6DFAF}.Debug|ARM.ActiveCfg = Debug|Any CPU
		{4C549C8A-F41A-429B-B546-CBBA2DE6DFAF}.Debug|ARM.Build.0 = Debug|Any CPU
		{4C549C8A-F41A-429B-B546-CBBA2DE6DFAF}.Debug|x64.ActiveCfg = Debug|Any CPU
		{4C549C8A-F41A-429B-B546-CBBA2DE6DFAF}.Debug|x64.Build.0 = Debug|Any CPU
		{4C549C8A-F41A-429B-B546-CBBA2DE6DFAF}.Debug|x86.ActiveCfg = Debug|Any CPU
		{4C549C8A-F41A-429B-B546-CBBA2DE6DFAF}.Debug|x86.Build.0 = Debug|Any CPU
		{4C549C8A-F41A-429B-B546-CBBA2DE6DFAF}.Release|Any CPU.ActiveCfg = Release|Any CPU
		{4C549C8A-F41A-429B-B546-CBBA2DE6DFAF}.Release|Any CPU.Build.0 = Release|Any CPU
		{4C549C8A-F41A-429B-B546-CBBA2DE6DFAF}.Release|ARM.ActiveCfg = Release|Any CPU
		{4C549C8A-F41A-429B-B546-CBBA2DE6DFAF}.Release|ARM.Build.0 = Release|Any CPU
		{4C549C8A-F41A-429B-B546-CBBA2DE6DFAF}.Release|x64.ActiveCfg = Release|Any CPU
		{4C549C8A-F41A-429B-B546-CBBA2DE6DFAF}.Release|x64.Build.0 = Release|Any CPU
		{4C549C8A-F41A-429B-B546-CBBA2DE6DFAF}.Release|x86.ActiveCfg = Release|Any CPU
		{4C549C8A-F41A-429B-B546-CBBA2DE6DFAF}.Release|x86.Build.0 = Release|Any CPU
		{B15B5D95-32F7-4E25-B96E-6C36F8C252BB}.Debug|Any CPU.ActiveCfg = Debug|Any CPU
		{B15B5D95-32F7-4E25-B96E-6C36F8C252BB}.Debug|Any CPU.Build.0 = Debug|Any CPU
		{B15B5D95-32F7-4E25-B96E-6C36F8C252BB}.Debug|ARM.ActiveCfg = Debug|Any CPU
		{B15B5D95-32F7-4E25-B96E-6C36F8C252BB}.Debug|ARM.Build.0 = Debug|Any CPU
		{B15B5D95-32F7-4E25-B96E-6C36F8C252BB}.Debug|x64.ActiveCfg = Debug|Any CPU
		{B15B5D95-32F7-4E25-B96E-6C36F8C252BB}.Debug|x64.Build.0 = Debug|Any CPU
		{B15B5D95-32F7-4E25-B96E-6C36F8C252BB}.Debug|x86.ActiveCfg = Debug|Any CPU
		{B15B5D95-32F7-4E25-B96E-6C36F8C252BB}.Debug|x86.Build.0 = Debug|Any CPU
		{B15B5D95-32F7-4E25-B96E-6C36F8C252BB}.Release|Any CPU.ActiveCfg = Release|Any CPU
		{B15B5D95-32F7-4E25-B96E-6C36F8C252BB}.Release|Any CPU.Build.0 = Release|Any CPU
		{B15B5D95-32F7-4E25-B96E-6C36F8C252BB}.Release|ARM.ActiveCfg = Release|Any CPU
		{B15B5D95-32F7-4E25-B96E-6C36F8C252BB}.Release|ARM.Build.0 = Release|Any CPU
		{B15B5D95-32F7-4E25-B96E-6C36F8C252BB}.Release|x64.ActiveCfg = Release|Any CPU
		{B15B5D95-32F7-4E25-B96E-6C36F8C252BB}.Release|x64.Build.0 = Release|Any CPU
		{B15B5D95-32F7-4E25-B96E-6C36F8C252BB}.Release|x86.ActiveCfg = Release|Any CPU
		{B15B5D95-32F7-4E25-B96E-6C36F8C252BB}.Release|x86.Build.0 = Release|Any CPU
		{A21A3C37-ECA4-42EB-8C88-9BBBC169D257}.Debug|Any CPU.ActiveCfg = Debug|Any CPU
		{A21A3C37-ECA4-42EB-8C88-9BBBC169D257}.Debug|Any CPU.Build.0 = Debug|Any CPU
		{A21A3C37-ECA4-42EB-8C88-9BBBC169D257}.Debug|ARM.ActiveCfg = Debug|Any CPU
		{A21A3C37-ECA4-42EB-8C88-9BBBC169D257}.Debug|ARM.Build.0 = Debug|Any CPU
		{A21A3C37-ECA4-42EB-8C88-9BBBC169D257}.Debug|x64.ActiveCfg = Debug|Any CPU
		{A21A3C37-ECA4-42EB-8C88-9BBBC169D257}.Debug|x64.Build.0 = Debug|Any CPU
		{A21A3C37-ECA4-42EB-8C88-9BBBC169D257}.Debug|x86.ActiveCfg = Debug|Any CPU
		{A21A3C37-ECA4-42EB-8C88-9BBBC169D257}.Debug|x86.Build.0 = Debug|Any CPU
		{A21A3C37-ECA4-42EB-8C88-9BBBC169D257}.Release|Any CPU.ActiveCfg = Release|Any CPU
		{A21A3C37-ECA4-42EB-8C88-9BBBC169D257}.Release|Any CPU.Build.0 = Release|Any CPU
		{A21A3C37-ECA4-42EB-8C88-9BBBC169D257}.Release|ARM.ActiveCfg = Release|Any CPU
		{A21A3C37-ECA4-42EB-8C88-9BBBC169D257}.Release|ARM.Build.0 = Release|Any CPU
		{A21A3C37-ECA4-42EB-8C88-9BBBC169D257}.Release|x64.ActiveCfg = Release|Any CPU
		{A21A3C37-ECA4-42EB-8C88-9BBBC169D257}.Release|x64.Build.0 = Release|Any CPU
		{A21A3C37-ECA4-42EB-8C88-9BBBC169D257}.Release|x86.ActiveCfg = Release|Any CPU
		{A21A3C37-ECA4-42EB-8C88-9BBBC169D257}.Release|x86.Build.0 = Release|Any CPU
	EndGlobalSection
	GlobalSection(SolutionProperties) = preSolution
		HideSolutionNode = FALSE
	EndGlobalSection
	GlobalSection(NestedProjects) = preSolution
		{3DB5790E-54A0-4670-A300-8F73FCEB5516} = {75F3DB8E-1430-43EF-B67A-C3D0C2F52FE3}
		{4C549C8A-F41A-429B-B546-CBBA2DE6DFAF} = {75F3DB8E-1430-43EF-B67A-C3D0C2F52FE3}
		{B15B5D95-32F7-4E25-B96E-6C36F8C252BB} = {A6ABBB8D-82C9-4EAD-849F-60F0281356AF}
		{A21A3C37-ECA4-42EB-8C88-9BBBC169D257} = {A6ABBB8D-82C9-4EAD-849F-60F0281356AF}
	EndGlobalSection
	GlobalSection(ExtensibilityGlobals) = postSolution
		SolutionGuid = {5E984FC4-D6B4-40BF-8B8C-7ACDCF999C8D}
	EndGlobalSection
EndGlobal
