
Microsoft Visual Studio Solution File, Format Version 12.00
# Visual Studio 15
VisualStudioVersion = 15.0.26730.10
MinimumVisualStudioVersion = 10.0.40219.1
Project("{2150E333-8FDC-42A3-9474-1A3956D46DE8}") = "Core", "Core", "{A6ABBB8D-82C9-4EAD-849F-60F0281356AF}"
EndProject
Project("{2150E333-8FDC-42A3-9474-1A3956D46DE8}") = "Shared", "Shared", "{75F3DB8E-1430-43EF-B67A-C3D0C2F52FE3}"
EndProject
Project("{2150E333-8FDC-42A3-9474-1A3956D46DE8}") = "Store", "Store", "{D85D2D61-442C-475A-A5C9-6F5D4ED3CBB5}"
EndProject
Project("{2150E333-8FDC-42A3-9474-1A3956D46DE8}") = "Windows", "Windows", "{7922BFB4-54C7-49B2-A215-034405F432E6}"
EndProject
Project("{9A19103F-16F7-4668-BE54-9A1E7A4F7556}") = "Proxy", "source\Core\Proxy\Proxy.csproj", "{53B19C52-D67A-482A-9050-B97127E174A9}"
EndProject
Project("{9A19103F-16F7-4668-BE54-9A1E7A4F7556}") = "Server", "source\Core\Server\Server.csproj", "{8130CC89-ED63-46CC-AAA6-572ED2AC6F6A}"
EndProject
Project("{9A19103F-16F7-4668-BE54-9A1E7A4F7556}") = "FirstMate", "source\Shared\FirstMate\FirstMate.csproj", "{D7D14C98-139D-4AB6-847D-5B4E9F14C944}"
EndProject
Project("{9A19103F-16F7-4668-BE54-9A1E7A4F7556}") = "Terminal", "source\Shared\Terminal\Terminal.csproj", "{7B13A969-BF1E-4E2A-8E62-4D6FFC7BE496}"
EndProject
Project("{9A19103F-16F7-4668-BE54-9A1E7A4F7556}") = "Swath", "source\Store\Swath\Swath.csproj", "{A653E6BE-42E5-49B2-8E19-C92148B809CD}"
EndProject
Project("{9A19103F-16F7-4668-BE54-9A1E7A4F7556}") = "TWXP", "source\Store\TWXP\TWXP.csproj", "{53E4BF8D-3348-4F31-A112-E6FA58AF0ECF}"
EndProject
Project("{2150E333-8FDC-42A3-9474-1A3956D46DE8}") = "Desktop (WPF)", "Desktop (WPF)", "{586C5BA9-6173-4353-B820-33B264C1A2D9}"
EndProject
Project("{2150E333-8FDC-42A3-9474-1A3956D46DE8}") = "Universla (UWP)", "Universla (UWP)", "{BE3905A0-0AF7-4D51-9DA5-4BBB1A2EA316}"
EndProject
Project("{FAE04EC0-301F-11D3-BF4B-00C04F79EFBC}") = "Client", "source\Windows\Universal (UWP)\Client\Client.csproj", "{EC787BEF-8200-4BBF-ACB4-2074B77B48EA}"
EndProject
Project("{FAE04EC0-301F-11D3-BF4B-00C04F79EFBC}") = "Proxy", "source\Windows\Desktop (WPF)\Proxy\Proxy.csproj", "{83E06CFF-EA9B-4B0F-AD6A-92249A3A9243}"
EndProject
Global
	GlobalSection(SolutionConfigurationPlatforms) = preSolution
		Debug|Any CPU = Debug|Any CPU
		Debug|ARM = Debug|ARM
		Debug|x64 = Debug|x64
		Debug|x86 = Debug|x86
		Release|Any CPU = Release|Any CPU
		Release|ARM = Release|ARM
		Release|x64 = Release|x64
		Release|x86 = Release|x86
	EndGlobalSection
	GlobalSection(ProjectConfigurationPlatforms) = postSolution
		{53B19C52-D67A-482A-9050-B97127E174A9}.Debug|Any CPU.ActiveCfg = Debug|Any CPU
		{53B19C52-D67A-482A-9050-B97127E174A9}.Debug|Any CPU.Build.0 = Debug|Any CPU
		{53B19C52-D67A-482A-9050-B97127E174A9}.Debug|ARM.ActiveCfg = Debug|Any CPU
		{53B19C52-D67A-482A-9050-B97127E174A9}.Debug|ARM.Build.0 = Debug|Any CPU
		{53B19C52-D67A-482A-9050-B97127E174A9}.Debug|x64.ActiveCfg = Debug|Any CPU
		{53B19C52-D67A-482A-9050-B97127E174A9}.Debug|x64.Build.0 = Debug|Any CPU
		{53B19C52-D67A-482A-9050-B97127E174A9}.Debug|x86.ActiveCfg = Debug|Any CPU
		{53B19C52-D67A-482A-9050-B97127E174A9}.Debug|x86.Build.0 = Debug|Any CPU
		{53B19C52-D67A-482A-9050-B97127E174A9}.Release|Any CPU.ActiveCfg = Release|Any CPU
		{53B19C52-D67A-482A-9050-B97127E174A9}.Release|Any CPU.Build.0 = Release|Any CPU
		{53B19C52-D67A-482A-9050-B97127E174A9}.Release|ARM.ActiveCfg = Release|Any CPU
		{53B19C52-D67A-482A-9050-B97127E174A9}.Release|ARM.Build.0 = Release|Any CPU
		{53B19C52-D67A-482A-9050-B97127E174A9}.Release|x64.ActiveCfg = Release|Any CPU
		{53B19C52-D67A-482A-9050-B97127E174A9}.Release|x64.Build.0 = Release|Any CPU
		{53B19C52-D67A-482A-9050-B97127E174A9}.Release|x86.ActiveCfg = Release|Any CPU
		{53B19C52-D67A-482A-9050-B97127E174A9}.Release|x86.Build.0 = Release|Any CPU
		{8130CC89-ED63-46CC-AAA6-572ED2AC6F6A}.Debug|Any CPU.ActiveCfg = Debug|Any CPU
		{8130CC89-ED63-46CC-AAA6-572ED2AC6F6A}.Debug|Any CPU.Build.0 = Debug|Any CPU
		{8130CC89-ED63-46CC-AAA6-572ED2AC6F6A}.Debug|ARM.ActiveCfg = Debug|Any CPU
		{8130CC89-ED63-46CC-AAA6-572ED2AC6F6A}.Debug|ARM.Build.0 = Debug|Any CPU
		{8130CC89-ED63-46CC-AAA6-572ED2AC6F6A}.Debug|x64.ActiveCfg = Debug|Any CPU
		{8130CC89-ED63-46CC-AAA6-572ED2AC6F6A}.Debug|x64.Build.0 = Debug|Any CPU
		{8130CC89-ED63-46CC-AAA6-572ED2AC6F6A}.Debug|x86.ActiveCfg = Debug|Any CPU
		{8130CC89-ED63-46CC-AAA6-572ED2AC6F6A}.Debug|x86.Build.0 = Debug|Any CPU
		{8130CC89-ED63-46CC-AAA6-572ED2AC6F6A}.Release|Any CPU.ActiveCfg = Release|Any CPU
		{8130CC89-ED63-46CC-AAA6-572ED2AC6F6A}.Release|Any CPU.Build.0 = Release|Any CPU
		{8130CC89-ED63-46CC-AAA6-572ED2AC6F6A}.Release|ARM.ActiveCfg = Release|Any CPU
		{8130CC89-ED63-46CC-AAA6-572ED2AC6F6A}.Release|ARM.Build.0 = Release|Any CPU
		{8130CC89-ED63-46CC-AAA6-572ED2AC6F6A}.Release|x64.ActiveCfg = Release|Any CPU
		{8130CC89-ED63-46CC-AAA6-572ED2AC6F6A}.Release|x64.Build.0 = Release|Any CPU
		{8130CC89-ED63-46CC-AAA6-572ED2AC6F6A}.Release|x86.ActiveCfg = Release|Any CPU
		{8130CC89-ED63-46CC-AAA6-572ED2AC6F6A}.Release|x86.Build.0 = Release|Any CPU
		{D7D14C98-139D-4AB6-847D-5B4E9F14C944}.Debug|Any CPU.ActiveCfg = Debug|Any CPU
		{D7D14C98-139D-4AB6-847D-5B4E9F14C944}.Debug|Any CPU.Build.0 = Debug|Any CPU
		{D7D14C98-139D-4AB6-847D-5B4E9F14C944}.Debug|ARM.ActiveCfg = Debug|Any CPU
		{D7D14C98-139D-4AB6-847D-5B4E9F14C944}.Debug|ARM.Build.0 = Debug|Any CPU
		{D7D14C98-139D-4AB6-847D-5B4E9F14C944}.Debug|x64.ActiveCfg = Debug|Any CPU
		{D7D14C98-139D-4AB6-847D-5B4E9F14C944}.Debug|x64.Build.0 = Debug|Any CPU
		{D7D14C98-139D-4AB6-847D-5B4E9F14C944}.Debug|x86.ActiveCfg = Debug|Any CPU
		{D7D14C98-139D-4AB6-847D-5B4E9F14C944}.Debug|x86.Build.0 = Debug|Any CPU
		{D7D14C98-139D-4AB6-847D-5B4E9F14C944}.Release|Any CPU.ActiveCfg = Release|Any CPU
		{D7D14C98-139D-4AB6-847D-5B4E9F14C944}.Release|Any CPU.Build.0 = Release|Any CPU
		{D7D14C98-139D-4AB6-847D-5B4E9F14C944}.Release|ARM.ActiveCfg = Release|Any CPU
		{D7D14C98-139D-4AB6-847D-5B4E9F14C944}.Release|ARM.Build.0 = Release|Any CPU
		{D7D14C98-139D-4AB6-847D-5B4E9F14C944}.Release|x64.ActiveCfg = Release|Any CPU
		{D7D14C98-139D-4AB6-847D-5B4E9F14C944}.Release|x64.Build.0 = Release|Any CPU
		{D7D14C98-139D-4AB6-847D-5B4E9F14C944}.Release|x86.ActiveCfg = Release|Any CPU
		{D7D14C98-139D-4AB6-847D-5B4E9F14C944}.Release|x86.Build.0 = Release|Any CPU
		{7B13A969-BF1E-4E2A-8E62-4D6FFC7BE496}.Debug|Any CPU.ActiveCfg = Debug|Any CPU
		{7B13A969-BF1E-4E2A-8E62-4D6FFC7BE496}.Debug|Any CPU.Build.0 = Debug|Any CPU
		{7B13A969-BF1E-4E2A-8E62-4D6FFC7BE496}.Debug|ARM.ActiveCfg = Debug|Any CPU
		{7B13A969-BF1E-4E2A-8E62-4D6FFC7BE496}.Debug|ARM.Build.0 = Debug|Any CPU
		{7B13A969-BF1E-4E2A-8E62-4D6FFC7BE496}.Debug|x64.ActiveCfg = Debug|Any CPU
		{7B13A969-BF1E-4E2A-8E62-4D6FFC7BE496}.Debug|x64.Build.0 = Debug|Any CPU
		{7B13A969-BF1E-4E2A-8E62-4D6FFC7BE496}.Debug|x86.ActiveCfg = Debug|Any CPU
		{7B13A969-BF1E-4E2A-8E62-4D6FFC7BE496}.Debug|x86.Build.0 = Debug|Any CPU
		{7B13A969-BF1E-4E2A-8E62-4D6FFC7BE496}.Release|Any CPU.ActiveCfg = Release|Any CPU
		{7B13A969-BF1E-4E2A-8E62-4D6FFC7BE496}.Release|Any CPU.Build.0 = Release|Any CPU
		{7B13A969-BF1E-4E2A-8E62-4D6FFC7BE496}.Release|ARM.ActiveCfg = Release|Any CPU
		{7B13A969-BF1E-4E2A-8E62-4D6FFC7BE496}.Release|ARM.Build.0 = Release|Any CPU
		{7B13A969-BF1E-4E2A-8E62-4D6FFC7BE496}.Release|x64.ActiveCfg = Release|Any CPU
		{7B13A969-BF1E-4E2A-8E62-4D6FFC7BE496}.Release|x64.Build.0 = Release|Any CPU
		{7B13A969-BF1E-4E2A-8E62-4D6FFC7BE496}.Release|x86.ActiveCfg = Release|Any CPU
		{7B13A969-BF1E-4E2A-8E62-4D6FFC7BE496}.Release|x86.Build.0 = Release|Any CPU
		{A653E6BE-42E5-49B2-8E19-C92148B809CD}.Debug|Any CPU.ActiveCfg = Debug|Any CPU
		{A653E6BE-42E5-49B2-8E19-C92148B809CD}.Debug|Any CPU.Build.0 = Debug|Any CPU
		{A653E6BE-42E5-49B2-8E19-C92148B809CD}.Debug|ARM.ActiveCfg = Debug|Any CPU
		{A653E6BE-42E5-49B2-8E19-C92148B809CD}.Debug|ARM.Build.0 = Debug|Any CPU
		{A653E6BE-42E5-49B2-8E19-C92148B809CD}.Debug|x64.ActiveCfg = Debug|Any CPU
		{A653E6BE-42E5-49B2-8E19-C92148B809CD}.Debug|x64.Build.0 = Debug|Any CPU
		{A653E6BE-42E5-49B2-8E19-C92148B809CD}.Debug|x86.ActiveCfg = Debug|Any CPU
		{A653E6BE-42E5-49B2-8E19-C92148B809CD}.Debug|x86.Build.0 = Debug|Any CPU
		{A653E6BE-42E5-49B2-8E19-C92148B809CD}.Release|Any CPU.ActiveCfg = Release|Any CPU
		{A653E6BE-42E5-49B2-8E19-C92148B809CD}.Release|Any CPU.Build.0 = Release|Any CPU
		{A653E6BE-42E5-49B2-8E19-C92148B809CD}.Release|ARM.ActiveCfg = Release|Any CPU
		{A653E6BE-42E5-49B2-8E19-C92148B809CD}.Release|ARM.Build.0 = Release|Any CPU
		{A653E6BE-42E5-49B2-8E19-C92148B809CD}.Release|x64.ActiveCfg = Release|Any CPU
		{A653E6BE-42E5-49B2-8E19-C92148B809CD}.Release|x64.Build.0 = Release|Any CPU
		{A653E6BE-42E5-49B2-8E19-C92148B809CD}.Release|x86.ActiveCfg = Release|Any CPU
		{A653E6BE-42E5-49B2-8E19-C92148B809CD}.Release|x86.Build.0 = Release|Any CPU
		{53E4BF8D-3348-4F31-A112-E6FA58AF0ECF}.Debug|Any CPU.ActiveCfg = Debug|Any CPU
		{53E4BF8D-3348-4F31-A112-E6FA58AF0ECF}.Debug|Any CPU.Build.0 = Debug|Any CPU
		{53E4BF8D-3348-4F31-A112-E6FA58AF0ECF}.Debug|ARM.ActiveCfg = Debug|Any CPU
		{53E4BF8D-3348-4F31-A112-E6FA58AF0ECF}.Debug|ARM.Build.0 = Debug|Any CPU
		{53E4BF8D-3348-4F31-A112-E6FA58AF0ECF}.Debug|x64.ActiveCfg = Debug|Any CPU
		{53E4BF8D-3348-4F31-A112-E6FA58AF0ECF}.Debug|x64.Build.0 = Debug|Any CPU
		{53E4BF8D-3348-4F31-A112-E6FA58AF0ECF}.Debug|x86.ActiveCfg = Debug|Any CPU
		{53E4BF8D-3348-4F31-A112-E6FA58AF0ECF}.Debug|x86.Build.0 = Debug|Any CPU
		{53E4BF8D-3348-4F31-A112-E6FA58AF0ECF}.Release|Any CPU.ActiveCfg = Release|Any CPU
		{53E4BF8D-3348-4F31-A112-E6FA58AF0ECF}.Release|Any CPU.Build.0 = Release|Any CPU
		{53E4BF8D-3348-4F31-A112-E6FA58AF0ECF}.Release|ARM.ActiveCfg = Release|Any CPU
		{53E4BF8D-3348-4F31-A112-E6FA58AF0ECF}.Release|ARM.Build.0 = Release|Any CPU
		{53E4BF8D-3348-4F31-A112-E6FA58AF0ECF}.Release|x64.ActiveCfg = Release|Any CPU
		{53E4BF8D-3348-4F31-A112-E6FA58AF0ECF}.Release|x64.Build.0 = Release|Any CPU
		{53E4BF8D-3348-4F31-A112-E6FA58AF0ECF}.Release|x86.ActiveCfg = Release|Any CPU
		{53E4BF8D-3348-4F31-A112-E6FA58AF0ECF}.Release|x86.Build.0 = Release|Any CPU
		{EC787BEF-8200-4BBF-ACB4-2074B77B48EA}.Debug|Any CPU.ActiveCfg = Debug|x64
		{EC787BEF-8200-4BBF-ACB4-2074B77B48EA}.Debug|Any CPU.Build.0 = Debug|x64
		{EC787BEF-8200-4BBF-ACB4-2074B77B48EA}.Debug|ARM.ActiveCfg = Debug|ARM
		{EC787BEF-8200-4BBF-ACB4-2074B77B48EA}.Debug|ARM.Build.0 = Debug|ARM
		{EC787BEF-8200-4BBF-ACB4-2074B77B48EA}.Debug|ARM.Deploy.0 = Debug|ARM
		{EC787BEF-8200-4BBF-ACB4-2074B77B48EA}.Debug|x64.ActiveCfg = Debug|x64
		{EC787BEF-8200-4BBF-ACB4-2074B77B48EA}.Debug|x64.Build.0 = Debug|x64
		{EC787BEF-8200-4BBF-ACB4-2074B77B48EA}.Debug|x64.Deploy.0 = Debug|x64
		{EC787BEF-8200-4BBF-ACB4-2074B77B48EA}.Debug|x86.ActiveCfg = Debug|x86
		{EC787BEF-8200-4BBF-ACB4-2074B77B48EA}.Debug|x86.Build.0 = Debug|x86
		{EC787BEF-8200-4BBF-ACB4-2074B77B48EA}.Debug|x86.Deploy.0 = Debug|x86
		{EC787BEF-8200-4BBF-ACB4-2074B77B48EA}.Release|Any CPU.ActiveCfg = Release|x86
		{EC787BEF-8200-4BBF-ACB4-2074B77B48EA}.Release|ARM.ActiveCfg = Release|ARM
		{EC787BEF-8200-4BBF-ACB4-2074B77B48EA}.Release|ARM.Build.0 = Release|ARM
		{EC787BEF-8200-4BBF-ACB4-2074B77B48EA}.Release|ARM.Deploy.0 = Release|ARM
		{EC787BEF-8200-4BBF-ACB4-2074B77B48EA}.Release|x64.ActiveCfg = Release|x64
		{EC787BEF-8200-4BBF-ACB4-2074B77B48EA}.Release|x64.Build.0 = Release|x64
		{EC787BEF-8200-4BBF-ACB4-2074B77B48EA}.Release|x64.Deploy.0 = Release|x64
		{EC787BEF-8200-4BBF-ACB4-2074B77B48EA}.Release|x86.ActiveCfg = Release|x86
		{EC787BEF-8200-4BBF-ACB4-2074B77B48EA}.Release|x86.Build.0 = Release|x86
		{EC787BEF-8200-4BBF-ACB4-2074B77B48EA}.Release|x86.Deploy.0 = Release|x86
		{83E06CFF-EA9B-4B0F-AD6A-92249A3A9243}.Debug|Any CPU.ActiveCfg = Debug|Any CPU
		{83E06CFF-EA9B-4B0F-AD6A-92249A3A9243}.Debug|Any CPU.Build.0 = Debug|Any CPU
		{83E06CFF-EA9B-4B0F-AD6A-92249A3A9243}.Debug|ARM.ActiveCfg = Debug|Any CPU
		{83E06CFF-EA9B-4B0F-AD6A-92249A3A9243}.Debug|ARM.Build.0 = Debug|Any CPU
		{83E06CFF-EA9B-4B0F-AD6A-92249A3A9243}.Debug|x64.ActiveCfg = Debug|Any CPU
		{83E06CFF-EA9B-4B0F-AD6A-92249A3A9243}.Debug|x64.Build.0 = Debug|Any CPU
		{83E06CFF-EA9B-4B0F-AD6A-92249A3A9243}.Debug|x86.ActiveCfg = Debug|Any CPU
		{83E06CFF-EA9B-4B0F-AD6A-92249A3A9243}.Debug|x86.Build.0 = Debug|Any CPU
		{83E06CFF-EA9B-4B0F-AD6A-92249A3A9243}.Release|Any CPU.ActiveCfg = Release|Any CPU
		{83E06CFF-EA9B-4B0F-AD6A-92249A3A9243}.Release|Any CPU.Build.0 = Release|Any CPU
		{83E06CFF-EA9B-4B0F-AD6A-92249A3A9243}.Release|ARM.ActiveCfg = Release|Any CPU
		{83E06CFF-EA9B-4B0F-AD6A-92249A3A9243}.Release|ARM.Build.0 = Release|Any CPU
		{83E06CFF-EA9B-4B0F-AD6A-92249A3A9243}.Release|x64.ActiveCfg = Release|Any CPU
		{83E06CFF-EA9B-4B0F-AD6A-92249A3A9243}.Release|x64.Build.0 = Release|Any CPU
		{83E06CFF-EA9B-4B0F-AD6A-92249A3A9243}.Release|x86.ActiveCfg = Release|Any CPU
		{83E06CFF-EA9B-4B0F-AD6A-92249A3A9243}.Release|x86.Build.0 = Release|Any CPU
	EndGlobalSection
	GlobalSection(SolutionProperties) = preSolution
		HideSolutionNode = FALSE
	EndGlobalSection
	GlobalSection(NestedProjects) = preSolution
		{53B19C52-D67A-482A-9050-B97127E174A9} = {A6ABBB8D-82C9-4EAD-849F-60F0281356AF}
		{8130CC89-ED63-46CC-AAA6-572ED2AC6F6A} = {A6ABBB8D-82C9-4EAD-849F-60F0281356AF}
		{D7D14C98-139D-4AB6-847D-5B4E9F14C944} = {75F3DB8E-1430-43EF-B67A-C3D0C2F52FE3}
		{7B13A969-BF1E-4E2A-8E62-4D6FFC7BE496} = {75F3DB8E-1430-43EF-B67A-C3D0C2F52FE3}
		{A653E6BE-42E5-49B2-8E19-C92148B809CD} = {D85D2D61-442C-475A-A5C9-6F5D4ED3CBB5}
		{53E4BF8D-3348-4F31-A112-E6FA58AF0ECF} = {D85D2D61-442C-475A-A5C9-6F5D4ED3CBB5}
		{586C5BA9-6173-4353-B820-33B264C1A2D9} = {7922BFB4-54C7-49B2-A215-034405F432E6}
		{BE3905A0-0AF7-4D51-9DA5-4BBB1A2EA316} = {7922BFB4-54C7-49B2-A215-034405F432E6}
		{EC787BEF-8200-4BBF-ACB4-2074B77B48EA} = {BE3905A0-0AF7-4D51-9DA5-4BBB1A2EA316}
		{83E06CFF-EA9B-4B0F-AD6A-92249A3A9243} = {586C5BA9-6173-4353-B820-33B264C1A2D9}
	EndGlobalSection
	GlobalSection(ExtensibilityGlobals) = postSolution
		SolutionGuid = {5E984FC4-D6B4-40BF-8B8C-7ACDCF999C8D}
	EndGlobalSection
EndGlobal
